// !$*UTF8*$!
{
	archiveVersion = 1;
	classes = {
	};
	objectVersion = 46;
	objects = {

/* Begin PBXBuildFile section */
		CAB6BFA91EEC5580003BA982 /* AppDelegate.swift in Sources */ = {isa = PBXBuildFile; fileRef = CAB6BFA81EEC5580003BA982 /* AppDelegate.swift */; };
		CAB6BFAB1EEC5581003BA982 /* ViewController.swift in Sources */ = {isa = PBXBuildFile; fileRef = CAB6BFAA1EEC5581003BA982 /* ViewController.swift */; };
		CAB6BFAE1EEC5581003BA982 /* Main.storyboard in Resources */ = {isa = PBXBuildFile; fileRef = CAB6BFAC1EEC5581003BA982 /* Main.storyboard */; };
		CAB6BFB01EEC5581003BA982 /* Assets.xcassets in Resources */ = {isa = PBXBuildFile; fileRef = CAB6BFAF1EEC5581003BA982 /* Assets.xcassets */; };
		CAB6BFB31EEC5581003BA982 /* LaunchScreen.storyboard in Resources */ = {isa = PBXBuildFile; fileRef = CAB6BFB11EEC5581003BA982 /* LaunchScreen.storyboard */; };
/* End PBXBuildFile section */

/* Begin PBXFileReference section */
		CAB6BFA51EEC5580003BA982 /* PushMyNotifs.app */ = {isa = PBXFileReference; explicitFileType = wrapper.application; includeInIndex = 0; path = PushMyNotifs.app; sourceTree = BUILT_PRODUCTS_DIR; };
		CAB6BFA81EEC5580003BA982 /* AppDelegate.swift */ = {isa = PBXFileReference; lastKnownFileType = sourcecode.swift; path = AppDelegate.swift; sourceTree = "<group>"; };
		CAB6BFAA1EEC5581003BA982 /* ViewController.swift */ = {isa = PBXFileReference; lastKnownFileType = sourcecode.swift; path = ViewController.swift; sourceTree = "<group>"; };
		CAB6BFAD1EEC5581003BA982 /* Base */ = {isa = PBXFileReference; lastKnownFileType = file.storyboard; name = Base; path = Base.lproj/Main.storyboard; sourceTree = "<group>"; };
		CAB6BFAF1EEC5581003BA982 /* Assets.xcassets */ = {isa = PBXFileReference; lastKnownFileType = folder.assetcatalog; path = Assets.xcassets; sourceTree = "<group>"; };
		CAB6BFB21EEC5581003BA982 /* Base */ = {isa = PBXFileReference; lastKnownFileType = file.storyboard; name = Base; path = Base.lproj/LaunchScreen.storyboard; sourceTree = "<group>"; };
		CAB6BFB41EEC5581003BA982 /* Info.plist */ = {isa = PBXFileReference; lastKnownFileType = text.plist.xml; path = Info.plist; sourceTree = "<group>"; };
/* End PBXFileReference section */

/* Begin PBXFrameworksBuildPhase section */
		CAB6BFA21EEC5580003BA982 /* Frameworks */ = {
			isa = PBXFrameworksBuildPhase;
			buildActionMask = 2147483647;
			files = (
			);
			runOnlyForDeploymentPostprocessing = 0;
		};
/* End PBXFrameworksBuildPhase section */

/* Begin PBXGroup section */
		CAB6BF9C1EEC5580003BA982 = {
			isa = PBXGroup;
			children = (
				CAB6BFA71EEC5580003BA982 /* PushMyNotifs */,
				CAB6BFA61EEC5580003BA982 /* Products */,
			);
			sourceTree = "<group>";
		};
		CAB6BFA61EEC5580003BA982 /* Products */ = {
			isa = PBXGroup;
			children = (
				CAB6BFA51EEC5580003BA982 /* PushMyNotifs.app */,
			);
			name = Products;
			sourceTree = "<group>";
		};
		CAB6BFA71EEC5580003BA982 /* PushMyNotifs */ = {
			isa = PBXGroup;
			children = (
				CAB6BFBF1EEC55E2003BA982 /* Model */,
				CAB6BFBE1EEC55DD003BA982 /* View */,
				CAB6BFBD1EEC55D0003BA982 /* Controller */,
				CAB6BFBC1EEC55C8003BA982 /* Resources */,
				CAB6BFBB1EEC55C2003BA982 /* Protocols */,
				CAB6BFBA1EEC55B8003BA982 /* Delegates */,
			);
			path = PushMyNotifs;
			sourceTree = "<group>";
		};
		CAB6BFBA1EEC55B8003BA982 /* Delegates */ = {
			isa = PBXGroup;
			children = (
				CAB6BFA81EEC5580003BA982 /* AppDelegate.swift */,
			);
			name = Delegates;
			sourceTree = "<group>";
		};
		CAB6BFBB1EEC55C2003BA982 /* Protocols */ = {
			isa = PBXGroup;
			children = (
			);
			name = Protocols;
			sourceTree = "<group>";
		};
		CAB6BFBC1EEC55C8003BA982 /* Resources */ = {
			isa = PBXGroup;
			children = (
				CAB6BFAF1EEC5581003BA982 /* Assets.xcassets */,
				CAB6BFB41EEC5581003BA982 /* Info.plist */,
			);
			name = Resources;
			sourceTree = "<group>";
		};
		CAB6BFBD1EEC55D0003BA982 /* Controller */ = {
			isa = PBXGroup;
			children = (
				CAB6BFAA1EEC5581003BA982 /* ViewController.swift */,
			);
			name = Controller;
			sourceTree = "<group>";
		};
		CAB6BFBE1EEC55DD003BA982 /* View */ = {
			isa = PBXGroup;
			children = (
				CAB6BFAC1EEC5581003BA982 /* Main.storyboard */,
				CAB6BFB11EEC5581003BA982 /* LaunchScreen.storyboard */,
			);
			name = View;
			sourceTree = "<group>";
		};
		CAB6BFBF1EEC55E2003BA982 /* Model */ = {
			isa = PBXGroup;
			children = (
			);
			name = Model;
			sourceTree = "<group>";
		};
/* End PBXGroup section */

/* Begin PBXNativeTarget section */
		CAB6BFA41EEC5580003BA982 /* PushMyNotifs */ = {
			isa = PBXNativeTarget;
			buildConfigurationList = CAB6BFB71EEC5581003BA982 /* Build configuration list for PBXNativeTarget "PushMyNotifs" */;
			buildPhases = (
				CAB6BFA11EEC5580003BA982 /* Sources */,
				CAB6BFA21EEC5580003BA982 /* Frameworks */,
				CAB6BFA31EEC5580003BA982 /* Resources */,
			);
			buildRules = (
			);
			dependencies = (
			);
			name = PushMyNotifs;
			productName = PushMyNotifs;
			productReference = CAB6BFA51EEC5580003BA982 /* PushMyNotifs.app */;
			productType = "com.apple.product-type.application";
		};
/* End PBXNativeTarget section */

/* Begin PBXProject section */
		CAB6BF9D1EEC5580003BA982 /* Project object */ = {
			isa = PBXProject;
			attributes = {
				LastSwiftUpdateCheck = 0830;
				LastUpgradeCheck = 0830;
				ORGANIZATIONNAME = "JMLeaux LLC";
				TargetAttributes = {
					CAB6BFA41EEC5580003BA982 = {
						CreatedOnToolsVersion = 8.3.3;
						DevelopmentTeam = 2P82N6PF63;
						ProvisioningStyle = Automatic;
					};
				};
			};
			buildConfigurationList = CAB6BFA01EEC5580003BA982 /* Build configuration list for PBXProject "PushMyNotifs" */;
			compatibilityVersion = "Xcode 3.2";
			developmentRegion = English;
			hasScannedForEncodings = 0;
			knownRegions = (
				en,
				Base,
			);
			mainGroup = CAB6BF9C1EEC5580003BA982;
			productRefGroup = CAB6BFA61EEC5580003BA982 /* Products */;
			projectDirPath = "";
			projectRoot = "";
			targets = (
				CAB6BFA41EEC5580003BA982 /* PushMyNotifs */,
			);
		};
/* End PBXProject section */

/* Begin PBXResourcesBuildPhase section */
		CAB6BFA31EEC5580003BA982 /* Resources */ = {
			isa = PBXResourcesBuildPhase;
			buildActionMask = 2147483647;
			files = (
				CAB6BFB31EEC5581003BA982 /* LaunchScreen.storyboard in Resources */,
				CAB6BFB01EEC5581003BA982 /* Assets.xcassets in Resources */,
				CAB6BFAE1EEC5581003BA982 /* Main.storyboard in Resources */,
			);
			runOnlyForDeploymentPostprocessing = 0;
		};
/* End PBXResourcesBuildPhase section */

/* Begin PBXSourcesBuildPhase section */
		CAB6BFA11EEC5580003BA982 /* Sources */ = {
			isa = PBXSourcesBuildPhase;
			buildActionMask = 2147483647;
			files = (
				CAB6BFAB1EEC5581003BA982 /* ViewController.swift in Sources */,
				CAB6BFA91EEC5580003BA982 /* AppDelegate.swift in Sources */,
			);
			runOnlyForDeploymentPostprocessing = 0;
		};
/* End PBXSourcesBuildPhase section */

/* Begin PBXVariantGroup section */
		CAB6BFAC1EEC5581003BA982 /* Main.storyboard */ = {
			isa = PBXVariantGroup;
			children = (
				CAB6BFAD1EEC5581003BA982 /* Base */,
			);
			name = Main.storyboard;
			sourceTree = "<group>";
		};
		CAB6BFB11EEC5581003BA982 /* LaunchScreen.storyboard */ = {
			isa = PBXVariantGroup;
			children = (
				CAB6BFB21EEC5581003BA982 /* Base */,
			);
			name = LaunchScreen.storyboard;
			sourceTree = "<group>";
		};
/* End PBXVariantGroup section */

/* Begin XCBuildConfiguration section */
		CAB6BFB51EEC5581003BA982 /* Debug */ = {
			isa = XCBuildConfiguration;
			buildSettings = {
				ALWAYS_SEARCH_USER_PATHS = NO;
				CLANG_ANALYZER_NONNULL = YES;
				CLANG_ANALYZER_NUMBER_OBJECT_CONVERSION = YES_AGGRESSIVE;
				CLANG_CXX_LANGUAGE_STANDARD = "gnu++0x";
				CLANG_CXX_LIBRARY = "libc++";
				CLANG_ENABLE_MODULES = YES;
				CLANG_ENABLE_OBJC_ARC = YES;
				CLANG_WARN_BOOL_CONVERSION = YES;
				CLANG_WARN_CONSTANT_CONVERSION = YES;
				CLANG_WARN_DIRECT_OBJC_ISA_USAGE = YES_ERROR;
				CLANG_WARN_DOCUMENTATION_COMMENTS = YES;
				CLANG_WARN_EMPTY_BODY = YES;
				CLANG_WARN_ENUM_CONVERSION = YES;
				CLANG_WARN_INFINITE_RECURSION = YES;
				CLANG_WARN_INT_CONVERSION = YES;
				CLANG_WARN_OBJC_ROOT_CLASS = YES_ERROR;
				CLANG_WARN_SUSPICIOUS_MOVE = YES;
				CLANG_WARN_UNREACHABLE_CODE = YES;
				CLANG_WARN__DUPLICATE_METHOD_MATCH = YES;
				"CODE_SIGN_IDENTITY[sdk=iphoneos*]" = "iPhone Developer";
				COPY_PHASE_STRIP = NO;
				DEBUG_INFORMATION_FORMAT = dwarf;
				ENABLE_STRICT_OBJC_MSGSEND = YES;
				ENABLE_TESTABILITY = YES;
				GCC_C_LANGUAGE_STANDARD = gnu99;
				GCC_DYNAMIC_NO_PIC = NO;
				GCC_NO_COMMON_BLOCKS = YES;
				GCC_OPTIMIZATION_LEVEL = 0;
				GCC_PREPROCESSOR_DEFINITIONS = (
					"DEBUG=1",
					"$(inherited)",
				);
				GCC_WARN_64_TO_32_BIT_CONVERSION = YES;
				GCC_WARN_ABOUT_RETURN_TYPE = YES_ERROR;
				GCC_WARN_UNDECLARED_SELECTOR = YES;
				GCC_WARN_UNINITIALIZED_AUTOS = YES_AGGRESSIVE;
				GCC_WARN_UNUSED_FUNCTION = YES;
				GCC_WARN_UNUSED_VARIABLE = YES;
				IPHONEOS_DEPLOYMENT_TARGET = 10.3;
				MTL_ENABLE_DEBUG_INFO = YES;
				ONLY_ACTIVE_ARCH = YES;
				SDKROOT = iphoneos;
				SWIFT_ACTIVE_COMPILATION_CONDITIONS = DEBUG;
				SWIFT_OPTIMIZATION_LEVEL = "-Onone";
				TARGETED_DEVICE_FAMILY = "1,2";
			};
			name = Debug;
		};
		CAB6BFB61EEC5581003BA982 /* Release */ = {
			isa = XCBuildConfiguration;
			buildSettings = {
				ALWAYS_SEARCH_USER_PATHS = NO;
				CLANG_ANALYZER_NONNULL = YES;
				CLANG_ANALYZER_NUMBER_OBJECT_CONVERSION = YES_AGGRESSIVE;
				CLANG_CXX_LANGUAGE_STANDARD = "gnu++0x";
				CLANG_CXX_LIBRARY = "libc++";
				CLANG_ENABLE_MODULES = YES;
				CLANG_ENABLE_OBJC_ARC = YES;
				CLANG_WARN_BOOL_CONVERSION = YES;
				CLANG_WARN_CONSTANT_CONVERSION = YES;
				CLANG_WARN_DIRECT_OBJC_ISA_USAGE = YES_ERROR;
				CLANG_WARN_DOCUMENTATION_COMMENTS = YES;
				CLANG_WARN_EMPTY_BODY = YES;
				CLANG_WARN_ENUM_CONVERSION = YES;
				CLANG_WARN_INFINITE_RECURSION = YES;
				CLANG_WARN_INT_CONVERSION = YES;
				CLANG_WARN_OBJC_ROOT_CLASS = YES_ERROR;
				CLANG_WARN_SUSPICIOUS_MOVE = YES;
				CLANG_WARN_UNREACHABLE_CODE = YES;
				CLANG_WARN__DUPLICATE_METHOD_MATCH = YES;
				"CODE_SIGN_IDENTITY[sdk=iphoneos*]" = "iPhone Developer";
				COPY_PHASE_STRIP = NO;
				DEBUG_INFORMATION_FORMAT = "dwarf-with-dsym";
				ENABLE_NS_ASSERTIONS = NO;
				ENABLE_STRICT_OBJC_MSGSEND = YES;
				GCC_C_LANGUAGE_STANDARD = gnu99;
				GCC_NO_COMMON_BLOCKS = YES;
				GCC_WARN_64_TO_32_BIT_CONVERSION = YES;
				GCC_WARN_ABOUT_RETURN_TYPE = YES_ERROR;
				GCC_WARN_UNDECLARED_SELECTOR = YES;
				GCC_WARN_UNINITIALIZED_AUTOS = YES_AGGRESSIVE;
				GCC_WARN_UNUSED_FUNCTION = YES;
				GCC_WARN_UNUSED_VARIABLE = YES;
				IPHONEOS_DEPLOYMENT_TARGET = 10.3;
				MTL_ENABLE_DEBUG_INFO = NO;
				SDKROOT = iphoneos;
				SWIFT_OPTIMIZATION_LEVEL = "-Owholemodule";
				TARGETED_DEVICE_FAMILY = "1,2";
				VALIDATE_PRODUCT = YES;
			};
			name = Release;
		};
		CAB6BFB81EEC5581003BA982 /* Debug */ = {
			isa = XCBuildConfiguration;
			buildSettings = {
				ASSETCATALOG_COMPILER_APPICON_NAME = AppIcon;
				DEVELOPMENT_TEAM = 2P82N6PF63;
				INFOPLIST_FILE = PushMyNotifs/Info.plist;
				LD_RUNPATH_SEARCH_PATHS = "$(inherited) @executable_path/Frameworks";
				PRODUCT_BUNDLE_IDENTIFIER = net.jmlowe.PushMyNotifs;
				PRODUCT_NAME = "$(TARGET_NAME)";
				SWIFT_VERSION = 3.0;
			};
			name = Debug;
		};
		CAB6BFB91EEC5581003BA982 /* Release */ = {
			isa = XCBuildConfiguration;
			buildSettings = {
				ASSETCATALOG_COMPILER_APPICON_NAME = AppIcon;
				DEVELOPMENT_TEAM = 2P82N6PF63;
				INFOPLIST_FILE = PushMyNotifs/Info.plist;
				LD_RUNPATH_SEARCH_PATHS = "$(inherited) @executable_path/Frameworks";
				PRODUCT_BUNDLE_IDENTIFIER = net.jmlowe.PushMyNotifs;
				PRODUCT_NAME = "$(TARGET_NAME)";
				SWIFT_VERSION = 3.0;
			};
			name = Release;
		};
/* End XCBuildConfiguration section */

/* Begin XCConfigurationList section */
		CAB6BFA01EEC5580003BA982 /* Build configuration list for PBXProject "PushMyNotifs" */ = {
			isa = XCConfigurationList;
			buildConfigurations = (
				CAB6BFB51EEC5581003BA982 /* Debug */,
				CAB6BFB61EEC5581003BA982 /* Release */,
			);
			defaultConfigurationIsVisible = 0;
			defaultConfigurationName = Release;
		};
		CAB6BFB71EEC5581003BA982 /* Build configuration list for PBXNativeTarget "PushMyNotifs" */ = {
			isa = XCConfigurationList;
			buildConfigurations = (
				CAB6BFB81EEC5581003BA982 /* Debug */,
				CAB6BFB91EEC5581003BA982 /* Release */,
			);
			defaultConfigurationIsVisible = 0;
		};
/* End XCConfigurationList section */
	};
	rootObject = CAB6BF9D1EEC5580003BA982 /* Project object */;
}
